
Microsoft Visual Studio Solution File, Format Version 12.00
# Visual Studio Version 17
VisualStudioVersion = 17.4.33213.308
MinimumVisualStudioVersion = 10.0.40219.1
Project("{FAE04EC0-301F-11D3-BF4B-00C04F79EFBC}") = "MvcMovie", "MvcMovie\MvcMovie.csproj", "{0FA062C4-1EC1-41D2-9265-7C321A4A193C}"
EndProject
Global
	GlobalSection(SolutionConfigurationPlatforms) = preSolution
		Debug|Any CPU = Debug|Any CPU
		Release|Any CPU = Release|Any CPU
	EndGlobalSection
	GlobalSection(ProjectConfigurationPlatforms) = postSolution
		{0FA062C4-1EC1-41D2-9265-7C321A4A193C}.Debug|Any CPU.ActiveCfg = Debug|Any CPU
		{0FA062C4-1EC1-41D2-9265-7C321A4A193C}.Debug|Any CPU.Build.0 = Debug|Any CPU
		{0FA062C4-1EC1-41D2-9265-7C321A4A193C}.Release|Any CPU.ActiveCfg = Release|Any CPU
		{0FA062C4-1EC1-41D2-9265-7C321A4A193C}.Release|Any CPU.Build.0 = Release|Any CPU
	EndGlobalSection
	GlobalSection(SolutionProperties) = preSolution
		HideSolutionNode = FALSE
	EndGlobalSection
	GlobalSection(ExtensibilityGlobals) = postSolution
		SolutionGuid = {9046C8E3-9C90-4836-A36F-2ECA4CB50EA9}
	EndGlobalSection
EndGlobal
